
Microsoft Visual Studio Solution File, Format Version 12.00
# Visual Studio Version 17
VisualStudioVersion = 17.8.34601.278
MinimumVisualStudioVersion = 10.0.40219.1
Project("{FAE04EC0-301F-11D3-BF4B-00C04F79EFBC}") = "SocketServer", "SocketServer\SocketServer.csproj", "{E265D555-1217-4310-A2CF-E890219263D5}"
EndProject
Project("{FAE04EC0-301F-11D3-BF4B-00C04F79EFBC}") = "Clients", "Clients\Clients.csproj", "{F9BF7361-C9B6-426C-B279-0513FEDA7908}"
EndProject
Global
	GlobalSection(SolutionConfigurationPlatforms) = preSolution
		Debug|Any CPU = Debug|Any CPU
		Release|Any CPU = Release|Any CPU
	EndGlobalSection
	GlobalSection(ProjectConfigurationPlatforms) = postSolution
		{E265D555-1217-4310-A2CF-E890219263D5}.Debug|Any CPU.ActiveCfg = Debug|Any CPU
		{E265D555-1217-4310-A2CF-E890219263D5}.Debug|Any CPU.Build.0 = Debug|Any CPU
		{E265D555-1217-4310-A2CF-E890219263D5}.Release|Any CPU.ActiveCfg = Release|Any CPU
		{E265D555-1217-4310-A2CF-E890219263D5}.Release|Any CPU.Build.0 = Release|Any CPU
		{F9BF7361-C9B6-426C-B279-0513FEDA7908}.Debug|Any CPU.ActiveCfg = Debug|Any CPU
		{F9BF7361-C9B6-426C-B279-0513FEDA7908}.Debug|Any CPU.Build.0 = Debug|Any CPU
		{F9BF7361-C9B6-426C-B279-0513FEDA7908}.Release|Any CPU.ActiveCfg = Release|Any CPU
		{F9BF7361-C9B6-426C-B279-0513FEDA7908}.Release|Any CPU.Build.0 = Release|Any CPU
	EndGlobalSection
	GlobalSection(SolutionProperties) = preSolution
		HideSolutionNode = FALSE
	EndGlobalSection
	GlobalSection(ExtensibilityGlobals) = postSolution
		SolutionGuid = {1F25B93F-6071-4D5B-96E2-15BBDE2F40DC}
	EndGlobalSection
EndGlobal
